
Microsoft Visual Studio Solution File, Format Version 12.00
# Visual Studio 15
VisualStudioVersion = 15.0.28307.757
MinimumVisualStudioVersion = 10.0.40219.1
Project("{FAE04EC0-301F-11D3-BF4B-00C04F79EFBC}") = "Book", "Book\Book.csproj", "{A7EA51F9-8B53-475E-825E-920A7898211D}"
EndProject
Global
	GlobalSection(SolutionConfigurationPlatforms) = preSolution
		Debug|Any CPU = Debug|Any CPU
		Release|Any CPU = Release|Any CPU
	EndGlobalSection
	GlobalSection(ProjectConfigurationPlatforms) = postSolution
		{A7EA51F9-8B53-475E-825E-920A7898211D}.Debug|Any CPU.ActiveCfg = Debug|Any CPU
		{A7EA51F9-8B53-475E-825E-920A7898211D}.Debug|Any CPU.Build.0 = Debug|Any CPU
		{A7EA51F9-8B53-475E-825E-920A7898211D}.Release|Any CPU.ActiveCfg = Release|Any CPU
		{A7EA51F9-8B53-475E-825E-920A7898211D}.Release|Any CPU.Build.0 = Release|Any CPU
	EndGlobalSection
	GlobalSection(SolutionProperties) = preSolution
		HideSolutionNode = FALSE
	EndGlobalSection
	GlobalSection(ExtensibilityGlobals) = postSolution
		SolutionGuid = {8CFA093D-775C-40B9-A98B-454BE7F5BAA1}
	EndGlobalSection
EndGlobal
